// !$*UTF8*$!
{
	archiveVersion = 1;
	classes = {
	};
	objectVersion = 56;
	objects = {

/* Begin PBXBuildFile section */
		F2226DDD2CB067EB0075CBB4 /* ViewStremType.swift in Sources */ = {isa = PBXBuildFile; fileRef = F2226DDC2CB067EB0075CBB4 /* ViewStremType.swift */; };
		F2424A1C2CAD8D2100D2AB6C /* ArchtectureTemplateApp.swift in Sources */ = {isa = PBXBuildFile; fileRef = F2424A1B2CAD8D2100D2AB6C /* ArchtectureTemplateApp.swift */; };
		F2424A1E2CAD8D2100D2AB6C /* TopView.swift in Sources */ = {isa = PBXBuildFile; fileRef = F2424A1D2CAD8D2100D2AB6C /* TopView.swift */; };
		F2424A202CAD8D2200D2AB6C /* Assets.xcassets in Resources */ = {isa = PBXBuildFile; fileRef = F2424A1F2CAD8D2200D2AB6C /* Assets.xcassets */; };
		F2424A232CAD8D2200D2AB6C /* Preview Assets.xcassets in Resources */ = {isa = PBXBuildFile; fileRef = F2424A222CAD8D2200D2AB6C /* Preview Assets.xcassets */; };
		F2424A2C2CAD8D4500D2AB6C /* ApiClient.swift in Sources */ = {isa = PBXBuildFile; fileRef = F2424A2B2CAD8D4500D2AB6C /* ApiClient.swift */; };
		F2424A2E2CAD8EAC00D2AB6C /* PokemonApi.swift in Sources */ = {isa = PBXBuildFile; fileRef = F2424A2D2CAD8EAC00D2AB6C /* PokemonApi.swift */; };
		F2424A312CAD8F9900D2AB6C /* PokemonApiGateway.swift in Sources */ = {isa = PBXBuildFile; fileRef = F2424A302CAD8F9800D2AB6C /* PokemonApiGateway.swift */; };
		F2424A352CAD944F00D2AB6C /* TopViewUseCase.swift in Sources */ = {isa = PBXBuildFile; fileRef = F2424A342CAD944F00D2AB6C /* TopViewUseCase.swift */; };
		F2424A382CAD974D00D2AB6C /* TopViewStream.swift in Sources */ = {isa = PBXBuildFile; fileRef = F2424A372CAD974D00D2AB6C /* TopViewStream.swift */; };
/* End PBXBuildFile section */

/* Begin PBXFileReference section */
		F2226DDC2CB067EB0075CBB4 /* ViewStremType.swift */ = {isa = PBXFileReference; lastKnownFileType = sourcecode.swift; path = ViewStremType.swift; sourceTree = "<group>"; };
		F2424A182CAD8D2100D2AB6C /* ArchtectureTemplate.app */ = {isa = PBXFileReference; explicitFileType = wrapper.application; includeInIndex = 0; path = ArchtectureTemplate.app; sourceTree = BUILT_PRODUCTS_DIR; };
		F2424A1B2CAD8D2100D2AB6C /* ArchtectureTemplateApp.swift */ = {isa = PBXFileReference; lastKnownFileType = sourcecode.swift; path = ArchtectureTemplateApp.swift; sourceTree = "<group>"; };
		F2424A1D2CAD8D2100D2AB6C /* TopView.swift */ = {isa = PBXFileReference; lastKnownFileType = sourcecode.swift; path = TopView.swift; sourceTree = "<group>"; };
		F2424A1F2CAD8D2200D2AB6C /* Assets.xcassets */ = {isa = PBXFileReference; lastKnownFileType = folder.assetcatalog; path = Assets.xcassets; sourceTree = "<group>"; };
		F2424A222CAD8D2200D2AB6C /* Preview Assets.xcassets */ = {isa = PBXFileReference; lastKnownFileType = folder.assetcatalog; path = "Preview Assets.xcassets"; sourceTree = "<group>"; };
		F2424A2B2CAD8D4500D2AB6C /* ApiClient.swift */ = {isa = PBXFileReference; lastKnownFileType = sourcecode.swift; path = ApiClient.swift; sourceTree = "<group>"; };
		F2424A2D2CAD8EAC00D2AB6C /* PokemonApi.swift */ = {isa = PBXFileReference; lastKnownFileType = sourcecode.swift; path = PokemonApi.swift; sourceTree = "<group>"; };
		F2424A302CAD8F9800D2AB6C /* PokemonApiGateway.swift */ = {isa = PBXFileReference; lastKnownFileType = sourcecode.swift; path = PokemonApiGateway.swift; sourceTree = "<group>"; };
		F2424A342CAD944F00D2AB6C /* TopViewUseCase.swift */ = {isa = PBXFileReference; lastKnownFileType = sourcecode.swift; path = TopViewUseCase.swift; sourceTree = "<group>"; };
		F2424A372CAD974D00D2AB6C /* TopViewStream.swift */ = {isa = PBXFileReference; lastKnownFileType = sourcecode.swift; path = TopViewStream.swift; sourceTree = "<group>"; };
/* End PBXFileReference section */

/* Begin PBXFrameworksBuildPhase section */
		F2424A152CAD8D2100D2AB6C /* Frameworks */ = {
			isa = PBXFrameworksBuildPhase;
			buildActionMask = 2147483647;
			files = (
			);
			runOnlyForDeploymentPostprocessing = 0;
		};
/* End PBXFrameworksBuildPhase section */

/* Begin PBXGroup section */
		F2424A0F2CAD8D2100D2AB6C = {
			isa = PBXGroup;
			children = (
				F2424A1A2CAD8D2100D2AB6C /* ArchtectureTemplate */,
				F2424A192CAD8D2100D2AB6C /* Products */,
			);
			sourceTree = "<group>";
		};
		F2424A192CAD8D2100D2AB6C /* Products */ = {
			isa = PBXGroup;
			children = (
				F2424A182CAD8D2100D2AB6C /* ArchtectureTemplate.app */,
			);
			name = Products;
			sourceTree = "<group>";
		};
		F2424A1A2CAD8D2100D2AB6C /* ArchtectureTemplate */ = {
			isa = PBXGroup;
			children = (
				F2424A392CADAE8400D2AB6C /* Assets */,
				F2424A2A2CAD8D3600D2AB6C /* Utils */,
				F2424A292CAD8D2E00D2AB6C /* Api */,
				F2424A2F2CAD8F8300D2AB6C /* ApiGateway */,
				F2424A322CAD935400D2AB6C /* UseCase */,
				F2424A362CAD973000D2AB6C /* ViewStream */,
				F2424A332CAD938300D2AB6C /* View */,
				F2424A1B2CAD8D2100D2AB6C /* ArchtectureTemplateApp.swift */,
			);
			path = ArchtectureTemplate;
			sourceTree = "<group>";
		};
		F2424A212CAD8D2200D2AB6C /* Preview Content */ = {
			isa = PBXGroup;
			children = (
				F2424A222CAD8D2200D2AB6C /* Preview Assets.xcassets */,
			);
			path = "Preview Content";
			sourceTree = "<group>";
		};
		F2424A292CAD8D2E00D2AB6C /* Api */ = {
			isa = PBXGroup;
			children = (
				F2424A2D2CAD8EAC00D2AB6C /* PokemonApi.swift */,
			);
			path = Api;
			sourceTree = "<group>";
		};
		F2424A2A2CAD8D3600D2AB6C /* Utils */ = {
			isa = PBXGroup;
			children = (
				F2424A2B2CAD8D4500D2AB6C /* ApiClient.swift */,
			);
			path = Utils;
			sourceTree = "<group>";
		};
		F2424A2F2CAD8F8300D2AB6C /* ApiGateway */ = {
			isa = PBXGroup;
			children = (
				F2424A302CAD8F9800D2AB6C /* PokemonApiGateway.swift */,
			);
			path = ApiGateway;
			sourceTree = "<group>";
		};
		F2424A322CAD935400D2AB6C /* UseCase */ = {
			isa = PBXGroup;
			children = (
				F2424A342CAD944F00D2AB6C /* TopViewUseCase.swift */,
			);
			path = UseCase;
			sourceTree = "<group>";
		};
		F2424A332CAD938300D2AB6C /* View */ = {
			isa = PBXGroup;
			children = (
				F2424A1D2CAD8D2100D2AB6C /* TopView.swift */,
			);
			path = View;
			sourceTree = "<group>";
		};
		F2424A362CAD973000D2AB6C /* ViewStream */ = {
			isa = PBXGroup;
			children = (
				F2424A372CAD974D00D2AB6C /* TopViewStream.swift */,
				F2226DDC2CB067EB0075CBB4 /* ViewStremType.swift */,
			);
			path = ViewStream;
			sourceTree = "<group>";
		};
		F2424A392CADAE8400D2AB6C /* Assets */ = {
			isa = PBXGroup;
			children = (
				F2424A212CAD8D2200D2AB6C /* Preview Content */,
				F2424A1F2CAD8D2200D2AB6C /* Assets.xcassets */,
			);
			path = Assets;
			sourceTree = "<group>";
		};
/* End PBXGroup section */

/* Begin PBXNativeTarget section */
		F2424A172CAD8D2100D2AB6C /* ArchtectureTemplate */ = {
			isa = PBXNativeTarget;
			buildConfigurationList = F2424A262CAD8D2200D2AB6C /* Build configuration list for PBXNativeTarget "ArchtectureTemplate" */;
			buildPhases = (
				F2424A142CAD8D2100D2AB6C /* Sources */,
				F2424A152CAD8D2100D2AB6C /* Frameworks */,
				F2424A162CAD8D2100D2AB6C /* Resources */,
			);
			buildRules = (
			);
			dependencies = (
			);
			name = ArchtectureTemplate;
			productName = ArchtectureTemplate;
			productReference = F2424A182CAD8D2100D2AB6C /* ArchtectureTemplate.app */;
			productType = "com.apple.product-type.application";
		};
/* End PBXNativeTarget section */

/* Begin PBXProject section */
		F2424A102CAD8D2100D2AB6C /* Project object */ = {
			isa = PBXProject;
			attributes = {
				BuildIndependentTargetsInParallel = 1;
				LastSwiftUpdateCheck = 1540;
				LastUpgradeCheck = 1540;
				TargetAttributes = {
					F2424A172CAD8D2100D2AB6C = {
						CreatedOnToolsVersion = 15.4;
					};
				};
			};
			buildConfigurationList = F2424A132CAD8D2100D2AB6C /* Build configuration list for PBXProject "ArchtectureTemplate" */;
			compatibilityVersion = "Xcode 14.0";
			developmentRegion = en;
			hasScannedForEncodings = 0;
			knownRegions = (
				en,
				Base,
			);
			mainGroup = F2424A0F2CAD8D2100D2AB6C;
			productRefGroup = F2424A192CAD8D2100D2AB6C /* Products */;
			projectDirPath = "";
			projectRoot = "";
			targets = (
				F2424A172CAD8D2100D2AB6C /* ArchtectureTemplate */,
			);
		};
/* End PBXProject section */

/* Begin PBXResourcesBuildPhase section */
		F2424A162CAD8D2100D2AB6C /* Resources */ = {
			isa = PBXResourcesBuildPhase;
			buildActionMask = 2147483647;
			files = (
				F2424A232CAD8D2200D2AB6C /* Preview Assets.xcassets in Resources */,
				F2424A202CAD8D2200D2AB6C /* Assets.xcassets in Resources */,
			);
			runOnlyForDeploymentPostprocessing = 0;
		};
/* End PBXResourcesBuildPhase section */

/* Begin PBXSourcesBuildPhase section */
		F2424A142CAD8D2100D2AB6C /* Sources */ = {
			isa = PBXSourcesBuildPhase;
			buildActionMask = 2147483647;
			files = (
				F2424A1E2CAD8D2100D2AB6C /* TopView.swift in Sources */,
				F2424A1C2CAD8D2100D2AB6C /* ArchtectureTemplateApp.swift in Sources */,
				F2424A352CAD944F00D2AB6C /* TopViewUseCase.swift in Sources */,
				F2424A2E2CAD8EAC00D2AB6C /* PokemonApi.swift in Sources */,
				F2424A382CAD974D00D2AB6C /* TopViewStream.swift in Sources */,
				F2424A312CAD8F9900D2AB6C /* PokemonApiGateway.swift in Sources */,
				F2226DDD2CB067EB0075CBB4 /* ViewStremType.swift in Sources */,
				F2424A2C2CAD8D4500D2AB6C /* ApiClient.swift in Sources */,
			);
			runOnlyForDeploymentPostprocessing = 0;
		};
/* End PBXSourcesBuildPhase section */

/* Begin XCBuildConfiguration section */
		F2424A242CAD8D2200D2AB6C /* Debug */ = {
			isa = XCBuildConfiguration;
			buildSettings = {
				ALWAYS_SEARCH_USER_PATHS = NO;
				ASSETCATALOG_COMPILER_GENERATE_SWIFT_ASSET_SYMBOL_EXTENSIONS = YES;
				CLANG_ANALYZER_NONNULL = YES;
				CLANG_ANALYZER_NUMBER_OBJECT_CONVERSION = YES_AGGRESSIVE;
				CLANG_CXX_LANGUAGE_STANDARD = "gnu++20";
				CLANG_ENABLE_MODULES = YES;
				CLANG_ENABLE_OBJC_ARC = YES;
				CLANG_ENABLE_OBJC_WEAK = YES;
				CLANG_WARN_BLOCK_CAPTURE_AUTORELEASING = YES;
				CLANG_WARN_BOOL_CONVERSION = YES;
				CLANG_WARN_COMMA = YES;
				CLANG_WARN_CONSTANT_CONVERSION = YES;
				CLANG_WARN_DEPRECATED_OBJC_IMPLEMENTATIONS = YES;
				CLANG_WARN_DIRECT_OBJC_ISA_USAGE = YES_ERROR;
				CLANG_WARN_DOCUMENTATION_COMMENTS = YES;
				CLANG_WARN_EMPTY_BODY = YES;
				CLANG_WARN_ENUM_CONVERSION = YES;
				CLANG_WARN_INFINITE_RECURSION = YES;
				CLANG_WARN_INT_CONVERSION = YES;
				CLANG_WARN_NON_LITERAL_NULL_CONVERSION = YES;
				CLANG_WARN_OBJC_IMPLICIT_RETAIN_SELF = YES;
				CLANG_WARN_OBJC_LITERAL_CONVERSION = YES;
				CLANG_WARN_OBJC_ROOT_CLASS = YES_ERROR;
				CLANG_WARN_QUOTED_INCLUDE_IN_FRAMEWORK_HEADER = YES;
				CLANG_WARN_RANGE_LOOP_ANALYSIS = YES;
				CLANG_WARN_STRICT_PROTOTYPES = YES;
				CLANG_WARN_SUSPICIOUS_MOVE = YES;
				CLANG_WARN_UNGUARDED_AVAILABILITY = YES_AGGRESSIVE;
				CLANG_WARN_UNREACHABLE_CODE = YES;
				CLANG_WARN__DUPLICATE_METHOD_MATCH = YES;
				COPY_PHASE_STRIP = NO;
				DEBUG_INFORMATION_FORMAT = dwarf;
				ENABLE_STRICT_OBJC_MSGSEND = YES;
				ENABLE_TESTABILITY = YES;
				ENABLE_USER_SCRIPT_SANDBOXING = YES;
				GCC_C_LANGUAGE_STANDARD = gnu17;
				GCC_DYNAMIC_NO_PIC = NO;
				GCC_NO_COMMON_BLOCKS = YES;
				GCC_OPTIMIZATION_LEVEL = 0;
				GCC_PREPROCESSOR_DEFINITIONS = (
					"DEBUG=1",
					"$(inherited)",
				);
				GCC_WARN_64_TO_32_BIT_CONVERSION = YES;
				GCC_WARN_ABOUT_RETURN_TYPE = YES_ERROR;
				GCC_WARN_UNDECLARED_SELECTOR = YES;
				GCC_WARN_UNINITIALIZED_AUTOS = YES_AGGRESSIVE;
				GCC_WARN_UNUSED_FUNCTION = YES;
				GCC_WARN_UNUSED_VARIABLE = YES;
				IPHONEOS_DEPLOYMENT_TARGET = 17.5;
				LOCALIZATION_PREFERS_STRING_CATALOGS = YES;
				MTL_ENABLE_DEBUG_INFO = INCLUDE_SOURCE;
				MTL_FAST_MATH = YES;
				ONLY_ACTIVE_ARCH = YES;
				SDKROOT = iphoneos;
				SWIFT_ACTIVE_COMPILATION_CONDITIONS = "DEBUG $(inherited)";
				SWIFT_OPTIMIZATION_LEVEL = "-Onone";
			};
			name = Debug;
		};
		F2424A252CAD8D2200D2AB6C /* Release */ = {
			isa = XCBuildConfiguration;
			buildSettings = {
				ALWAYS_SEARCH_USER_PATHS = NO;
				ASSETCATALOG_COMPILER_GENERATE_SWIFT_ASSET_SYMBOL_EXTENSIONS = YES;
				CLANG_ANALYZER_NONNULL = YES;
				CLANG_ANALYZER_NUMBER_OBJECT_CONVERSION = YES_AGGRESSIVE;
				CLANG_CXX_LANGUAGE_STANDARD = "gnu++20";
				CLANG_ENABLE_MODULES = YES;
				CLANG_ENABLE_OBJC_ARC = YES;
				CLANG_ENABLE_OBJC_WEAK = YES;
				CLANG_WARN_BLOCK_CAPTURE_AUTORELEASING = YES;
				CLANG_WARN_BOOL_CONVERSION = YES;
				CLANG_WARN_COMMA = YES;
				CLANG_WARN_CONSTANT_CONVERSION = YES;
				CLANG_WARN_DEPRECATED_OBJC_IMPLEMENTATIONS = YES;
				CLANG_WARN_DIRECT_OBJC_ISA_USAGE = YES_ERROR;
				CLANG_WARN_DOCUMENTATION_COMMENTS = YES;
				CLANG_WARN_EMPTY_BODY = YES;
				CLANG_WARN_ENUM_CONVERSION = YES;
				CLANG_WARN_INFINITE_RECURSION = YES;
				CLANG_WARN_INT_CONVERSION = YES;
				CLANG_WARN_NON_LITERAL_NULL_CONVERSION = YES;
				CLANG_WARN_OBJC_IMPLICIT_RETAIN_SELF = YES;
				CLANG_WARN_OBJC_LITERAL_CONVERSION = YES;
				CLANG_WARN_OBJC_ROOT_CLASS = YES_ERROR;
				CLANG_WARN_QUOTED_INCLUDE_IN_FRAMEWORK_HEADER = YES;
				CLANG_WARN_RANGE_LOOP_ANALYSIS = YES;
				CLANG_WARN_STRICT_PROTOTYPES = YES;
				CLANG_WARN_SUSPICIOUS_MOVE = YES;
				CLANG_WARN_UNGUARDED_AVAILABILITY = YES_AGGRESSIVE;
				CLANG_WARN_UNREACHABLE_CODE = YES;
				CLANG_WARN__DUPLICATE_METHOD_MATCH = YES;
				COPY_PHASE_STRIP = NO;
				DEBUG_INFORMATION_FORMAT = "dwarf-with-dsym";
				ENABLE_NS_ASSERTIONS = NO;
				ENABLE_STRICT_OBJC_MSGSEND = YES;
				ENABLE_USER_SCRIPT_SANDBOXING = YES;
				GCC_C_LANGUAGE_STANDARD = gnu17;
				GCC_NO_COMMON_BLOCKS = YES;
				GCC_WARN_64_TO_32_BIT_CONVERSION = YES;
				GCC_WARN_ABOUT_RETURN_TYPE = YES_ERROR;
				GCC_WARN_UNDECLARED_SELECTOR = YES;
				GCC_WARN_UNINITIALIZED_AUTOS = YES_AGGRESSIVE;
				GCC_WARN_UNUSED_FUNCTION = YES;
				GCC_WARN_UNUSED_VARIABLE = YES;
				IPHONEOS_DEPLOYMENT_TARGET = 17.5;
				LOCALIZATION_PREFERS_STRING_CATALOGS = YES;
				MTL_ENABLE_DEBUG_INFO = NO;
				MTL_FAST_MATH = YES;
				SDKROOT = iphoneos;
				SWIFT_COMPILATION_MODE = wholemodule;
				VALIDATE_PRODUCT = YES;
			};
			name = Release;
		};
		F2424A272CAD8D2200D2AB6C /* Debug */ = {
			isa = XCBuildConfiguration;
			buildSettings = {
				ASSETCATALOG_COMPILER_APPICON_NAME = AppIcon;
				ASSETCATALOG_COMPILER_GLOBAL_ACCENT_COLOR_NAME = AccentColor;
				CODE_SIGN_STYLE = Automatic;
				CURRENT_PROJECT_VERSION = 1;
				DEVELOPMENT_ASSET_PATHS = "\"ArchtectureTemplate/Assets/Preview Content\"";
				DEVELOPMENT_TEAM = G9JXCB7X2L;
				ENABLE_PREVIEWS = YES;
				GENERATE_INFOPLIST_FILE = YES;
				INFOPLIST_KEY_UIApplicationSceneManifest_Generation = YES;
				INFOPLIST_KEY_UIApplicationSupportsIndirectInputEvents = YES;
				INFOPLIST_KEY_UILaunchScreen_Generation = YES;
				INFOPLIST_KEY_UISupportedInterfaceOrientations_iPad = "UIInterfaceOrientationPortrait UIInterfaceOrientationPortraitUpsideDown UIInterfaceOrientationLandscapeLeft UIInterfaceOrientationLandscapeRight";
				INFOPLIST_KEY_UISupportedInterfaceOrientations_iPhone = "UIInterfaceOrientationPortrait UIInterfaceOrientationLandscapeLeft UIInterfaceOrientationLandscapeRight";
				LD_RUNPATH_SEARCH_PATHS = (
					"$(inherited)",
					"@executable_path/Frameworks",
				);
				MARKETING_VERSION = 1.0;
				PRODUCT_BUNDLE_IDENTIFIER = com.yjim.ArchtectureTemplate;
				PRODUCT_NAME = "$(TARGET_NAME)";
				SWIFT_EMIT_LOC_STRINGS = YES;
				SWIFT_VERSION = 5.0;
				TARGETED_DEVICE_FAMILY = "1,2";
			};
			name = Debug;
		};
		F2424A282CAD8D2200D2AB6C /* Release */ = {
			isa = XCBuildConfiguration;
			buildSettings = {
				ASSETCATALOG_COMPILER_APPICON_NAME = AppIcon;
				ASSETCATALOG_COMPILER_GLOBAL_ACCENT_COLOR_NAME = AccentColor;
				CODE_SIGN_STYLE = Automatic;
				CURRENT_PROJECT_VERSION = 1;
				DEVELOPMENT_ASSET_PATHS = "\"ArchtectureTemplate/Assets/Preview Content\"";
				DEVELOPMENT_TEAM = G9JXCB7X2L;
				ENABLE_PREVIEWS = YES;
				GENERATE_INFOPLIST_FILE = YES;
				INFOPLIST_KEY_UIApplicationSceneManifest_Generation = YES;
				INFOPLIST_KEY_UIApplicationSupportsIndirectInputEvents = YES;
				INFOPLIST_KEY_UILaunchScreen_Generation = YES;
				INFOPLIST_KEY_UISupportedInterfaceOrientations_iPad = "UIInterfaceOrientationPortrait UIInterfaceOrientationPortraitUpsideDown UIInterfaceOrientationLandscapeLeft UIInterfaceOrientationLandscapeRight";
				INFOPLIST_KEY_UISupportedInterfaceOrientations_iPhone = "UIInterfaceOrientationPortrait UIInterfaceOrientationLandscapeLeft UIInterfaceOrientationLandscapeRight";
				LD_RUNPATH_SEARCH_PATHS = (
					"$(inherited)",
					"@executable_path/Frameworks",
				);
				MARKETING_VERSION = 1.0;
				PRODUCT_BUNDLE_IDENTIFIER = com.yjim.ArchtectureTemplate;
				PRODUCT_NAME = "$(TARGET_NAME)";
				SWIFT_EMIT_LOC_STRINGS = YES;
				SWIFT_VERSION = 5.0;
				TARGETED_DEVICE_FAMILY = "1,2";
			};
			name = Release;
		};
/* End XCBuildConfiguration section */

/* Begin XCConfigurationList section */
		F2424A132CAD8D2100D2AB6C /* Build configuration list for PBXProject "ArchtectureTemplate" */ = {
			isa = XCConfigurationList;
			buildConfigurations = (
				F2424A242CAD8D2200D2AB6C /* Debug */,
				F2424A252CAD8D2200D2AB6C /* Release */,
			);
			defaultConfigurationIsVisible = 0;
			defaultConfigurationName = Release;
		};
		F2424A262CAD8D2200D2AB6C /* Build configuration list for PBXNativeTarget "ArchtectureTemplate" */ = {
			isa = XCConfigurationList;
			buildConfigurations = (
				F2424A272CAD8D2200D2AB6C /* Debug */,
				F2424A282CAD8D2200D2AB6C /* Release */,
			);
			defaultConfigurationIsVisible = 0;
			defaultConfigurationName = Release;
		};
/* End XCConfigurationList section */
	};
	rootObject = F2424A102CAD8D2100D2AB6C /* Project object */;
}
